{
  "requires": true,
  "lockfileVersion": 1,
  "dependencies": {
    "js-tokens": {
      "version": "4.0.0",
      "resolved": "https://registry.npmjs.org/js-tokens/-/js-tokens-4.0.0.tgz",
      "integrity": "sha512-RdJUflcE3cUzKiMqQgsCu06FPu9UdIJO0beYbPhHN4k6apgJtifcoCtT9bcxOpYBtpD2kCM6Sbzg4CausW/PKQ=="
    },
    "loose-envify": {
      "version": "1.4.0",
      "resolved": "https://registry.npmjs.org/loose-envify/-/loose-envify-1.4.0.tgz",
      "integrity": "sha512-lyuxPGr/Wfhrlem2CL/UcnUc1zcqKAImBDzukY7Y5F/yQiNdko6+fRLevlw1HgMySw7f611UIY408EtxRSoK3Q==",
      "requires": {
        "js-tokens": "^3.0.0 || ^4.0.0"
      }
    },
    "object-assign": {
      "version": "4.1.1",
      "resolved": "https://registry.npmjs.org/object-assign/-/object-assign-4.1.1.tgz",
      "integrity": "sha1-IQmtx5ZYh8/AXLvUQsrIv7s2CGM="
    },
    "react": {
      "version": "0.0.0-experimental-89847bf6e",
      "resolved": "https://registry.npmjs.org/react/-/react-0.0.0-experimental-89847bf6e.tgz",
      "integrity": "sha512-BVG3t15IT96Kqc1fcclKydQwzjp7GjktJ+80AojqZiZxg5Ek/PDud/+FpMLdaGf12bpI50JB5TYW4rTZLtRxzg==",
      "requires": {
        "loose-envify": "^1.1.0",
        "object-assign": "^4.1.1"
      }
    },
    "react-dom": {
      "version": "0.0.0-experimental-89847bf6e",
      "resolved": "https://registry.npmjs.org/react-dom/-/react-dom-0.0.0-experimental-89847bf6e.tgz",
      "integrity": "sha512-YYySWGHr8vhLUkgCSI0F8tEZ1DD1Sy2kbEQaCp+Rm3rsiDlsibF1JcdyYcVSJwLg3FCCUHTVxdqKfv5zgrVQVg==",
      "requires": {
        "loose-envify": "^1.1.0",
        "object-assign": "^4.1.1",
        "scheduler": "0.0.0-experimental-89847bf6e"
      },
      "dependencies": {
        "scheduler": {
          "version": "0.0.0-experimental-89847bf6e",
          "resolved": "https://registry.npmjs.org/scheduler/-/scheduler-0.0.0-experimental-89847bf6e.tgz",
          "integrity": "sha512-WxXseFme6tqGCWHr4cHELh32zADS1fDaQi1mTC4qYWsoXSmyfEh66Nyfs+TKEoKwvaelJOlbVTtWCKVex+n40Q==",
          "requires": {
            "loose-envify": "^1.1.0",
            "object-assign": "^4.1.1"
          }
        }
      }
    },
    "scheduler": {
      "version": "0.0.0-experimental-78120032d",
      "resolved": "https://registry.npmjs.org/scheduler/-/scheduler-0.0.0-experimental-78120032d.tgz",
      "integrity": "sha512-qUUBHXPOSVF2vzHM2Syi+LrqE9jWO2v6Ls3vaCCcJou4tNXOXsNL2xHM3qp2Bx2NSXeYeYZLEUZocCxdgeieJQ==",
      "requires": {
        "loose-envify": "^1.1.0",
        "object-assign": "^4.1.1"
      }
    }
  }
}
